
Microsoft Visual Studio Solution File, Format Version 12.00
# Visual Studio 14
VisualStudioVersion = 14.0.25420.1
MinimumVisualStudioVersion = 10.0.40219.1
Project("{FAE04EC0-301F-11D3-BF4B-00C04F79EFBC}") = "WinSetupDemo", "WinSetupDemo\WinSetupDemo\WinSetupDemo.csproj", "{C09C7410-D24A-4967-A083-73E8C247BEEF}"
EndProject
Project("{FAE04EC0-301F-11D3-BF4B-00C04F79EFBC}") = "WinSetupDemo.Droid", "WinSetupDemo\WinSetupDemo.Droid\WinSetupDemo.Droid.csproj", "{AC6071D0-9B87-497D-A692-722DFA840220}"
EndProject
Project("{FAE04EC0-301F-11D3-BF4B-00C04F79EFBC}") = "WinSetupDemo.iOS", "WinSetupDemo\WinSetupDemo.iOS\WinSetupDemo.iOS.csproj", "{4C9A851B-5112-47AE-9137-13AF85D5B263}"
EndProject
Project("{FAE04EC0-301F-11D3-BF4B-00C04F79EFBC}") = "WinSetupDemo.WinPhone", "WinSetupDemo\WinSetupDemo.WinPhone\WinSetupDemo.WinPhone.csproj", "{CA7736B6-D6EB-42D1-89EB-5F6AA4ECE58E}"
EndProject
Project("{FAE04EC0-301F-11D3-BF4B-00C04F79EFBC}") = "WinSetupDemo.Windows", "WinSetupDemo\WinSetupDemo.Windows\WinSetupDemo.Windows.csproj", "{27CCD729-DF57-4F7C-86BD-61054695B39C}"
EndProject
Global
	GlobalSection(SolutionConfigurationPlatforms) = preSolution
		Ad-Hoc|Any CPU = Ad-Hoc|Any CPU
		Ad-Hoc|ARM = Ad-Hoc|ARM
		Ad-Hoc|iPhone = Ad-Hoc|iPhone
		Ad-Hoc|iPhoneSimulator = Ad-Hoc|iPhoneSimulator
		Ad-Hoc|x64 = Ad-Hoc|x64
		Ad-Hoc|x86 = Ad-Hoc|x86
		AppStore|Any CPU = AppStore|Any CPU
		AppStore|ARM = AppStore|ARM
		AppStore|iPhone = AppStore|iPhone
		AppStore|iPhoneSimulator = AppStore|iPhoneSimulator
		AppStore|x64 = AppStore|x64
		AppStore|x86 = AppStore|x86
		Debug|Any CPU = Debug|Any CPU
		Debug|ARM = Debug|ARM
		Debug|iPhone = Debug|iPhone
		Debug|iPhoneSimulator = Debug|iPhoneSimulator
		Debug|x64 = Debug|x64
		Debug|x86 = Debug|x86
		Release|Any CPU = Release|Any CPU
		Release|ARM = Release|ARM
		Release|iPhone = Release|iPhone
		Release|iPhoneSimulator = Release|iPhoneSimulator
		Release|x64 = Release|x64
		Release|x86 = Release|x86
	EndGlobalSection
	GlobalSection(ProjectConfigurationPlatforms) = postSolution
		{C09C7410-D24A-4967-A083-73E8C247BEEF}.Ad-Hoc|Any CPU.ActiveCfg = Release|Any CPU
		{C09C7410-D24A-4967-A083-73E8C247BEEF}.Ad-Hoc|Any CPU.Build.0 = Release|Any CPU
		{C09C7410-D24A-4967-A083-73E8C247BEEF}.Ad-Hoc|ARM.ActiveCfg = Release|Any CPU
		{C09C7410-D24A-4967-A083-73E8C247BEEF}.Ad-Hoc|ARM.Build.0 = Release|Any CPU
		{C09C7410-D24A-4967-A083-73E8C247BEEF}.Ad-Hoc|iPhone.ActiveCfg = Release|Any CPU
		{C09C7410-D24A-4967-A083-73E8C247BEEF}.Ad-Hoc|iPhone.Build.0 = Release|Any CPU
		{C09C7410-D24A-4967-A083-73E8C247BEEF}.Ad-Hoc|iPhoneSimulator.ActiveCfg = Release|Any CPU
		{C09C7410-D24A-4967-A083-73E8C247BEEF}.Ad-Hoc|iPhoneSimulator.Build.0 = Release|Any CPU
		{C09C7410-D24A-4967-A083-73E8C247BEEF}.Ad-Hoc|x64.ActiveCfg = Release|Any CPU
		{C09C7410-D24A-4967-A083-73E8C247BEEF}.Ad-Hoc|x64.Build.0 = Release|Any CPU
		{C09C7410-D24A-4967-A083-73E8C247BEEF}.Ad-Hoc|x86.ActiveCfg = Release|Any CPU
		{C09C7410-D24A-4967-A083-73E8C247BEEF}.Ad-Hoc|x86.Build.0 = Release|Any CPU
		{C09C7410-D24A-4967-A083-73E8C247BEEF}.AppStore|Any CPU.ActiveCfg = Release|Any CPU
		{C09C7410-D24A-4967-A083-73E8C247BEEF}.AppStore|Any CPU.Build.0 = Release|Any CPU
		{C09C7410-D24A-4967-A083-73E8C247BEEF}.AppStore|ARM.ActiveCfg = Release|Any CPU
		{C09C7410-D24A-4967-A083-73E8C247BEEF}.AppStore|ARM.Build.0 = Release|Any CPU
		{C09C7410-D24A-4967-A083-73E8C247BEEF}.AppStore|iPhone.ActiveCfg = Release|Any CPU
		{C09C7410-D24A-4967-A083-73E8C247BEEF}.AppStore|iPhone.Build.0 = Release|Any CPU
		{C09C7410-D24A-4967-A083-73E8C247BEEF}.AppStore|iPhoneSimulator.ActiveCfg = Release|Any CPU
		{C09C7410-D24A-4967-A083-73E8C247BEEF}.AppStore|iPhoneSimulator.Build.0 = Release|Any CPU
		{C09C7410-D24A-4967-A083-73E8C247BEEF}.AppStore|x64.ActiveCfg = Release|Any CPU
		{C09C7410-D24A-4967-A083-73E8C247BEEF}.AppStore|x64.Build.0 = Release|Any CPU
		{C09C7410-D24A-4967-A083-73E8C247BEEF}.AppStore|x86.ActiveCfg = Release|Any CPU
		{C09C7410-D24A-4967-A083-73E8C247BEEF}.AppStore|x86.Build.0 = Release|Any CPU
		{C09C7410-D24A-4967-A083-73E8C247BEEF}.Debug|Any CPU.ActiveCfg = Debug|Any CPU
		{C09C7410-D24A-4967-A083-73E8C247BEEF}.Debug|Any CPU.Build.0 = Debug|Any CPU
		{C09C7410-D24A-4967-A083-73E8C247BEEF}.Debug|ARM.ActiveCfg = Debug|Any CPU
		{C09C7410-D24A-4967-A083-73E8C247BEEF}.Debug|ARM.Build.0 = Debug|Any CPU
		{C09C7410-D24A-4967-A083-73E8C247BEEF}.Debug|iPhone.ActiveCfg = Debug|Any CPU
		{C09C7410-D24A-4967-A083-73E8C247BEEF}.Debug|iPhone.Build.0 = Debug|Any CPU
		{C09C7410-D24A-4967-A083-73E8C247BEEF}.Debug|iPhoneSimulator.ActiveCfg = Debug|Any CPU
		{C09C7410-D24A-4967-A083-73E8C247BEEF}.Debug|iPhoneSimulator.Build.0 = Debug|Any CPU
		{C09C7410-D24A-4967-A083-73E8C247BEEF}.Debug|x64.ActiveCfg = Debug|Any CPU
		{C09C7410-D24A-4967-A083-73E8C247BEEF}.Debug|x64.Build.0 = Debug|Any CPU
		{C09C7410-D24A-4967-A083-73E8C247BEEF}.Debug|x86.ActiveCfg = Debug|Any CPU
		{C09C7410-D24A-4967-A083-73E8C247BEEF}.Debug|x86.Build.0 = Debug|Any CPU
		{C09C7410-D24A-4967-A083-73E8C247BEEF}.Release|Any CPU.ActiveCfg = Release|Any CPU
		{C09C7410-D24A-4967-A083-73E8C247BEEF}.Release|Any CPU.Build.0 = Release|Any CPU
		{C09C7410-D24A-4967-A083-73E8C247BEEF}.Release|ARM.ActiveCfg = Release|Any CPU
		{C09C7410-D24A-4967-A083-73E8C247BEEF}.Release|ARM.Build.0 = Release|Any CPU
		{C09C7410-D24A-4967-A083-73E8C247BEEF}.Release|iPhone.ActiveCfg = Release|Any CPU
		{C09C7410-D24A-4967-A083-73E8C247BEEF}.Release|iPhone.Build.0 = Release|Any CPU
		{C09C7410-D24A-4967-A083-73E8C247BEEF}.Release|iPhoneSimulator.ActiveCfg = Release|Any CPU
		{C09C7410-D24A-4967-A083-73E8C247BEEF}.Release|iPhoneSimulator.Build.0 = Release|Any CPU
		{C09C7410-D24A-4967-A083-73E8C247BEEF}.Release|x64.ActiveCfg = Release|Any CPU
		{C09C7410-D24A-4967-A083-73E8C247BEEF}.Release|x64.Build.0 = Release|Any CPU
		{C09C7410-D24A-4967-A083-73E8C247BEEF}.Release|x86.ActiveCfg = Release|Any CPU
		{C09C7410-D24A-4967-A083-73E8C247BEEF}.Release|x86.Build.0 = Release|Any CPU
		{AC6071D0-9B87-497D-A692-722DFA840220}.Ad-Hoc|Any CPU.ActiveCfg = Release|Any CPU
		{AC6071D0-9B87-497D-A692-722DFA840220}.Ad-Hoc|Any CPU.Build.0 = Release|Any CPU
		{AC6071D0-9B87-497D-A692-722DFA840220}.Ad-Hoc|Any CPU.Deploy.0 = Release|Any CPU
		{AC6071D0-9B87-497D-A692-722DFA840220}.Ad-Hoc|ARM.ActiveCfg = Release|Any CPU
		{AC6071D0-9B87-497D-A692-722DFA840220}.Ad-Hoc|ARM.Build.0 = Release|Any CPU
		{AC6071D0-9B87-497D-A692-722DFA840220}.Ad-Hoc|ARM.Deploy.0 = Release|Any CPU
		{AC6071D0-9B87-497D-A692-722DFA840220}.Ad-Hoc|iPhone.ActiveCfg = Release|Any CPU
		{AC6071D0-9B87-497D-A692-722DFA840220}.Ad-Hoc|iPhone.Build.0 = Release|Any CPU
		{AC6071D0-9B87-497D-A692-722DFA840220}.Ad-Hoc|iPhone.Deploy.0 = Release|Any CPU
		{AC6071D0-9B87-497D-A692-722DFA840220}.Ad-Hoc|iPhoneSimulator.ActiveCfg = Release|Any CPU
		{AC6071D0-9B87-497D-A692-722DFA840220}.Ad-Hoc|iPhoneSimulator.Build.0 = Release|Any CPU
		{AC6071D0-9B87-497D-A692-722DFA840220}.Ad-Hoc|iPhoneSimulator.Deploy.0 = Release|Any CPU
		{AC6071D0-9B87-497D-A692-722DFA840220}.Ad-Hoc|x64.ActiveCfg = Release|Any CPU
		{AC6071D0-9B87-497D-A692-722DFA840220}.Ad-Hoc|x64.Build.0 = Release|Any CPU
		{AC6071D0-9B87-497D-A692-722DFA840220}.Ad-Hoc|x64.Deploy.0 = Release|Any CPU
		{AC6071D0-9B87-497D-A692-722DFA840220}.Ad-Hoc|x86.ActiveCfg = Release|Any CPU
		{AC6071D0-9B87-497D-A692-722DFA840220}.Ad-Hoc|x86.Build.0 = Release|Any CPU
		{AC6071D0-9B87-497D-A692-722DFA840220}.Ad-Hoc|x86.Deploy.0 = Release|Any CPU
		{AC6071D0-9B87-497D-A692-722DFA840220}.AppStore|Any CPU.ActiveCfg = Release|Any CPU
		{AC6071D0-9B87-497D-A692-722DFA840220}.AppStore|Any CPU.Build.0 = Release|Any CPU
		{AC6071D0-9B87-497D-A692-722DFA840220}.AppStore|Any CPU.Deploy.0 = Release|Any CPU
		{AC6071D0-9B87-497D-A692-722DFA840220}.AppStore|ARM.ActiveCfg = Release|Any CPU
		{AC6071D0-9B87-497D-A692-722DFA840220}.AppStore|ARM.Build.0 = Release|Any CPU
		{AC6071D0-9B87-497D-A692-722DFA840220}.AppStore|ARM.Deploy.0 = Release|Any CPU
		{AC6071D0-9B87-497D-A692-722DFA840220}.AppStore|iPhone.ActiveCfg = Release|Any CPU
		{AC6071D0-9B87-497D-A692-722DFA840220}.AppStore|iPhone.Build.0 = Release|Any CPU
		{AC6071D0-9B87-497D-A692-722DFA840220}.AppStore|iPhone.Deploy.0 = Release|Any CPU
		{AC6071D0-9B87-497D-A692-722DFA840220}.AppStore|iPhoneSimulator.ActiveCfg = Release|Any CPU
		{AC6071D0-9B87-497D-A692-722DFA840220}.AppStore|iPhoneSimulator.Build.0 = Release|Any CPU
		{AC6071D0-9B87-497D-A692-722DFA840220}.AppStore|iPhoneSimulator.Deploy.0 = Release|Any CPU
		{AC6071D0-9B87-497D-A692-722DFA840220}.AppStore|x64.ActiveCfg = Release|Any CPU
		{AC6071D0-9B87-497D-A692-722DFA840220}.AppStore|x64.Build.0 = Release|Any CPU
		{AC6071D0-9B87-497D-A692-722DFA840220}.AppStore|x64.Deploy.0 = Release|Any CPU
		{AC6071D0-9B87-497D-A692-722DFA840220}.AppStore|x86.ActiveCfg = Release|Any CPU
		{AC6071D0-9B87-497D-A692-722DFA840220}.AppStore|x86.Build.0 = Release|Any CPU
		{AC6071D0-9B87-497D-A692-722DFA840220}.AppStore|x86.Deploy.0 = Release|Any CPU
		{AC6071D0-9B87-497D-A692-722DFA840220}.Debug|Any CPU.ActiveCfg = Debug|Any CPU
		{AC6071D0-9B87-497D-A692-722DFA840220}.Debug|Any CPU.Build.0 = Debug|Any CPU
		{AC6071D0-9B87-497D-A692-722DFA840220}.Debug|Any CPU.Deploy.0 = Debug|Any CPU
		{AC6071D0-9B87-497D-A692-722DFA840220}.Debug|ARM.ActiveCfg = Debug|Any CPU
		{AC6071D0-9B87-497D-A692-722DFA840220}.Debug|ARM.Build.0 = Debug|Any CPU
		{AC6071D0-9B87-497D-A692-722DFA840220}.Debug|ARM.Deploy.0 = Debug|Any CPU
		{AC6071D0-9B87-497D-A692-722DFA840220}.Debug|iPhone.ActiveCfg = Debug|Any CPU
		{AC6071D0-9B87-497D-A692-722DFA840220}.Debug|iPhone.Build.0 = Debug|Any CPU
		{AC6071D0-9B87-497D-A692-722DFA840220}.Debug|iPhone.Deploy.0 = Debug|Any CPU
		{AC6071D0-9B87-497D-A692-722DFA840220}.Debug|iPhoneSimulator.ActiveCfg = Debug|Any CPU
		{AC6071D0-9B87-497D-A692-722DFA840220}.Debug|iPhoneSimulator.Build.0 = Debug|Any CPU
		{AC6071D0-9B87-497D-A692-722DFA840220}.Debug|iPhoneSimulator.Deploy.0 = Debug|Any CPU
		{AC6071D0-9B87-497D-A692-722DFA840220}.Debug|x64.ActiveCfg = Debug|Any CPU
		{AC6071D0-9B87-497D-A692-722DFA840220}.Debug|x64.Build.0 = Debug|Any CPU
		{AC6071D0-9B87-497D-A692-722DFA840220}.Debug|x64.Deploy.0 = Debug|Any CPU
		{AC6071D0-9B87-497D-A692-722DFA840220}.Debug|x86.ActiveCfg = Debug|Any CPU
		{AC6071D0-9B87-497D-A692-722DFA840220}.Debug|x86.Build.0 = Debug|Any CPU
		{AC6071D0-9B87-497D-A692-722DFA840220}.Debug|x86.Deploy.0 = Debug|Any CPU
		{AC6071D0-9B87-497D-A692-722DFA840220}.Release|Any CPU.ActiveCfg = Release|Any CPU
		{AC6071D0-9B87-497D-A692-722DFA840220}.Release|Any CPU.Build.0 = Release|Any CPU
		{AC6071D0-9B87-497D-A692-722DFA840220}.Release|Any CPU.Deploy.0 = Release|Any CPU
		{AC6071D0-9B87-497D-A692-722DFA840220}.Release|ARM.ActiveCfg = Release|Any CPU
		{AC6071D0-9B87-497D-A692-722DFA840220}.Release|ARM.Build.0 = Release|Any CPU
		{AC6071D0-9B87-497D-A692-722DFA840220}.Release|ARM.Deploy.0 = Release|Any CPU
		{AC6071D0-9B87-497D-A692-722DFA840220}.Release|iPhone.ActiveCfg = Release|Any CPU
		{AC6071D0-9B87-497D-A692-722DFA840220}.Release|iPhone.Build.0 = Release|Any CPU
		{AC6071D0-9B87-497D-A692-722DFA840220}.Release|iPhone.Deploy.0 = Release|Any CPU
		{AC6071D0-9B87-497D-A692-722DFA840220}.Release|iPhoneSimulator.ActiveCfg = Release|Any CPU
		{AC6071D0-9B87-497D-A692-722DFA840220}.Release|iPhoneSimulator.Build.0 = Release|Any CPU
		{AC6071D0-9B87-497D-A692-722DFA840220}.Release|iPhoneSimulator.Deploy.0 = Release|Any CPU
		{AC6071D0-9B87-497D-A692-722DFA840220}.Release|x64.ActiveCfg = Release|Any CPU
		{AC6071D0-9B87-497D-A692-722DFA840220}.Release|x64.Build.0 = Release|Any CPU
		{AC6071D0-9B87-497D-A692-722DFA840220}.Release|x64.Deploy.0 = Release|Any CPU
		{AC6071D0-9B87-497D-A692-722DFA840220}.Release|x86.ActiveCfg = Release|Any CPU
		{AC6071D0-9B87-497D-A692-722DFA840220}.Release|x86.Build.0 = Release|Any CPU
		{AC6071D0-9B87-497D-A692-722DFA840220}.Release|x86.Deploy.0 = Release|Any CPU
		{4C9A851B-5112-47AE-9137-13AF85D5B263}.Ad-Hoc|Any CPU.ActiveCfg = Ad-Hoc|iPhone
		{4C9A851B-5112-47AE-9137-13AF85D5B263}.Ad-Hoc|ARM.ActiveCfg = Ad-Hoc|iPhone
		{4C9A851B-5112-47AE-9137-13AF85D5B263}.Ad-Hoc|iPhone.ActiveCfg = Ad-Hoc|iPhone
		{4C9A851B-5112-47AE-9137-13AF85D5B263}.Ad-Hoc|iPhone.Build.0 = Ad-Hoc|iPhone
		{4C9A851B-5112-47AE-9137-13AF85D5B263}.Ad-Hoc|iPhoneSimulator.ActiveCfg = Ad-Hoc|iPhoneSimulator
		{4C9A851B-5112-47AE-9137-13AF85D5B263}.Ad-Hoc|iPhoneSimulator.Build.0 = Ad-Hoc|iPhoneSimulator
		{4C9A851B-5112-47AE-9137-13AF85D5B263}.Ad-Hoc|x64.ActiveCfg = Ad-Hoc|iPhone
		{4C9A851B-5112-47AE-9137-13AF85D5B263}.Ad-Hoc|x86.ActiveCfg = Ad-Hoc|iPhone
		{4C9A851B-5112-47AE-9137-13AF85D5B263}.AppStore|Any CPU.ActiveCfg = AppStore|iPhone
		{4C9A851B-5112-47AE-9137-13AF85D5B263}.AppStore|ARM.ActiveCfg = AppStore|iPhone
		{4C9A851B-5112-47AE-9137-13AF85D5B263}.AppStore|iPhone.ActiveCfg = AppStore|iPhone
		{4C9A851B-5112-47AE-9137-13AF85D5B263}.AppStore|iPhone.Build.0 = AppStore|iPhone
		{4C9A851B-5112-47AE-9137-13AF85D5B263}.AppStore|iPhoneSimulator.ActiveCfg = AppStore|iPhoneSimulator
		{4C9A851B-5112-47AE-9137-13AF85D5B263}.AppStore|iPhoneSimulator.Build.0 = AppStore|iPhoneSimulator
		{4C9A851B-5112-47AE-9137-13AF85D5B263}.AppStore|x64.ActiveCfg = AppStore|iPhone
		{4C9A851B-5112-47AE-9137-13AF85D5B263}.AppStore|x86.ActiveCfg = AppStore|iPhone
		{4C9A851B-5112-47AE-9137-13AF85D5B263}.Debug|Any CPU.ActiveCfg = Debug|iPhone
		{4C9A851B-5112-47AE-9137-13AF85D5B263}.Debug|ARM.ActiveCfg = Debug|iPhone
		{4C9A851B-5112-47AE-9137-13AF85D5B263}.Debug|iPhone.ActiveCfg = Debug|iPhone
		{4C9A851B-5112-47AE-9137-13AF85D5B263}.Debug|iPhone.Build.0 = Debug|iPhone
		{4C9A851B-5112-47AE-9137-13AF85D5B263}.Debug|iPhoneSimulator.ActiveCfg = Debug|iPhoneSimulator
		{4C9A851B-5112-47AE-9137-13AF85D5B263}.Debug|iPhoneSimulator.Build.0 = Debug|iPhoneSimulator
		{4C9A851B-5112-47AE-9137-13AF85D5B263}.Debug|x64.ActiveCfg = Debug|iPhone
		{4C9A851B-5112-47AE-9137-13AF85D5B263}.Debug|x86.ActiveCfg = Debug|iPhone
		{4C9A851B-5112-47AE-9137-13AF85D5B263}.Release|Any CPU.ActiveCfg = Release|iPhone
		{4C9A851B-5112-47AE-9137-13AF85D5B263}.Release|ARM.ActiveCfg = Release|iPhone
		{4C9A851B-5112-47AE-9137-13AF85D5B263}.Release|iPhone.ActiveCfg = Release|iPhone
		{4C9A851B-5112-47AE-9137-13AF85D5B263}.Release|iPhone.Build.0 = Release|iPhone
		{4C9A851B-5112-47AE-9137-13AF85D5B263}.Release|iPhoneSimulator.ActiveCfg = Release|iPhoneSimulator
		{4C9A851B-5112-47AE-9137-13AF85D5B263}.Release|iPhoneSimulator.Build.0 = Release|iPhoneSimulator
		{4C9A851B-5112-47AE-9137-13AF85D5B263}.Release|x64.ActiveCfg = Release|iPhone
		{4C9A851B-5112-47AE-9137-13AF85D5B263}.Release|x86.ActiveCfg = Release|iPhone
		{CA7736B6-D6EB-42D1-89EB-5F6AA4ECE58E}.Ad-Hoc|Any CPU.ActiveCfg = Release|Any CPU
		{CA7736B6-D6EB-42D1-89EB-5F6AA4ECE58E}.Ad-Hoc|Any CPU.Build.0 = Release|Any CPU
		{CA7736B6-D6EB-42D1-89EB-5F6AA4ECE58E}.Ad-Hoc|Any CPU.Deploy.0 = Release|Any CPU
		{CA7736B6-D6EB-42D1-89EB-5F6AA4ECE58E}.Ad-Hoc|ARM.ActiveCfg = Release|ARM
		{CA7736B6-D6EB-42D1-89EB-5F6AA4ECE58E}.Ad-Hoc|ARM.Build.0 = Release|ARM
		{CA7736B6-D6EB-42D1-89EB-5F6AA4ECE58E}.Ad-Hoc|ARM.Deploy.0 = Release|ARM
		{CA7736B6-D6EB-42D1-89EB-5F6AA4ECE58E}.Ad-Hoc|iPhone.ActiveCfg = Release|Any CPU
		{CA7736B6-D6EB-42D1-89EB-5F6AA4ECE58E}.Ad-Hoc|iPhone.Build.0 = Release|Any CPU
		{CA7736B6-D6EB-42D1-89EB-5F6AA4ECE58E}.Ad-Hoc|iPhone.Deploy.0 = Release|Any CPU
		{CA7736B6-D6EB-42D1-89EB-5F6AA4ECE58E}.Ad-Hoc|iPhoneSimulator.ActiveCfg = Release|Any CPU
		{CA7736B6-D6EB-42D1-89EB-5F6AA4ECE58E}.Ad-Hoc|iPhoneSimulator.Build.0 = Release|Any CPU
		{CA7736B6-D6EB-42D1-89EB-5F6AA4ECE58E}.Ad-Hoc|iPhoneSimulator.Deploy.0 = Release|Any CPU
		{CA7736B6-D6EB-42D1-89EB-5F6AA4ECE58E}.Ad-Hoc|x64.ActiveCfg = Release|Any CPU
		{CA7736B6-D6EB-42D1-89EB-5F6AA4ECE58E}.Ad-Hoc|x64.Build.0 = Release|Any CPU
		{CA7736B6-D6EB-42D1-89EB-5F6AA4ECE58E}.Ad-Hoc|x64.Deploy.0 = Release|Any CPU
		{CA7736B6-D6EB-42D1-89EB-5F6AA4ECE58E}.Ad-Hoc|x86.ActiveCfg = Release|x86
		{CA7736B6-D6EB-42D1-89EB-5F6AA4ECE58E}.Ad-Hoc|x86.Build.0 = Release|x86
		{CA7736B6-D6EB-42D1-89EB-5F6AA4ECE58E}.Ad-Hoc|x86.Deploy.0 = Release|x86
		{CA7736B6-D6EB-42D1-89EB-5F6AA4ECE58E}.AppStore|Any CPU.ActiveCfg = Release|Any CPU
		{CA7736B6-D6EB-42D1-89EB-5F6AA4ECE58E}.AppStore|Any CPU.Build.0 = Release|Any CPU
		{CA7736B6-D6EB-42D1-89EB-5F6AA4ECE58E}.AppStore|Any CPU.Deploy.0 = Release|Any CPU
		{CA7736B6-D6EB-42D1-89EB-5F6AA4ECE58E}.AppStore|ARM.ActiveCfg = Release|ARM
		{CA7736B6-D6EB-42D1-89EB-5F6AA4ECE58E}.AppStore|ARM.Build.0 = Release|ARM
		{CA7736B6-D6EB-42D1-89EB-5F6AA4ECE58E}.AppStore|ARM.Deploy.0 = Release|ARM
		{CA7736B6-D6EB-42D1-89EB-5F6AA4ECE58E}.AppStore|iPhone.ActiveCfg = Release|Any CPU
		{CA7736B6-D6EB-42D1-89EB-5F6AA4ECE58E}.AppStore|iPhone.Build.0 = Release|Any CPU
		{CA7736B6-D6EB-42D1-89EB-5F6AA4ECE58E}.AppStore|iPhone.Deploy.0 = Release|Any CPU
		{CA7736B6-D6EB-42D1-89EB-5F6AA4ECE58E}.AppStore|iPhoneSimulator.ActiveCfg = Release|Any CPU
		{CA7736B6-D6EB-42D1-89EB-5F6AA4ECE58E}.AppStore|iPhoneSimulator.Build.0 = Release|Any CPU
		{CA7736B6-D6EB-42D1-89EB-5F6AA4ECE58E}.AppStore|iPhoneSimulator.Deploy.0 = Release|Any CPU
		{CA7736B6-D6EB-42D1-89EB-5F6AA4ECE58E}.AppStore|x64.ActiveCfg = Release|Any CPU
		{CA7736B6-D6EB-42D1-89EB-5F6AA4ECE58E}.AppStore|x64.Build.0 = Release|Any CPU
		{CA7736B6-D6EB-42D1-89EB-5F6AA4ECE58E}.AppStore|x64.Deploy.0 = Release|Any CPU
		{CA7736B6-D6EB-42D1-89EB-5F6AA4ECE58E}.AppStore|x86.ActiveCfg = Release|x86
		{CA7736B6-D6EB-42D1-89EB-5F6AA4ECE58E}.AppStore|x86.Build.0 = Release|x86
		{CA7736B6-D6EB-42D1-89EB-5F6AA4ECE58E}.AppStore|x86.Deploy.0 = Release|x86
		{CA7736B6-D6EB-42D1-89EB-5F6AA4ECE58E}.Debug|Any CPU.ActiveCfg = Debug|Any CPU
		{CA7736B6-D6EB-42D1-89EB-5F6AA4ECE58E}.Debug|Any CPU.Build.0 = Debug|Any CPU
		{CA7736B6-D6EB-42D1-89EB-5F6AA4ECE58E}.Debug|Any CPU.Deploy.0 = Debug|Any CPU
		{CA7736B6-D6EB-42D1-89EB-5F6AA4ECE58E}.Debug|ARM.ActiveCfg = Debug|ARM
		{CA7736B6-D6EB-42D1-89EB-5F6AA4ECE58E}.Debug|ARM.Build.0 = Debug|ARM
		{CA7736B6-D6EB-42D1-89EB-5F6AA4ECE58E}.Debug|ARM.Deploy.0 = Debug|ARM
		{CA7736B6-D6EB-42D1-89EB-5F6AA4ECE58E}.Debug|iPhone.ActiveCfg = Debug|Any CPU
		{CA7736B6-D6EB-42D1-89EB-5F6AA4ECE58E}.Debug|iPhone.Build.0 = Debug|Any CPU
		{CA7736B6-D6EB-42D1-89EB-5F6AA4ECE58E}.Debug|iPhone.Deploy.0 = Debug|Any CPU
		{CA7736B6-D6EB-42D1-89EB-5F6AA4ECE58E}.Debug|iPhoneSimulator.ActiveCfg = Debug|Any CPU
		{CA7736B6-D6EB-42D1-89EB-5F6AA4ECE58E}.Debug|iPhoneSimulator.Build.0 = Debug|Any CPU
		{CA7736B6-D6EB-42D1-89EB-5F6AA4ECE58E}.Debug|iPhoneSimulator.Deploy.0 = Debug|Any CPU
		{CA7736B6-D6EB-42D1-89EB-5F6AA4ECE58E}.Debug|x64.ActiveCfg = Debug|Any CPU
		{CA7736B6-D6EB-42D1-89EB-5F6AA4ECE58E}.Debug|x64.Build.0 = Debug|Any CPU
		{CA7736B6-D6EB-42D1-89EB-5F6AA4ECE58E}.Debug|x64.Deploy.0 = Debug|Any CPU
		{CA7736B6-D6EB-42D1-89EB-5F6AA4ECE58E}.Debug|x86.ActiveCfg = Debug|x86
		{CA7736B6-D6EB-42D1-89EB-5F6AA4ECE58E}.Debug|x86.Build.0 = Debug|x86
		{CA7736B6-D6EB-42D1-89EB-5F6AA4ECE58E}.Debug|x86.Deploy.0 = Debug|x86
		{CA7736B6-D6EB-42D1-89EB-5F6AA4ECE58E}.Release|Any CPU.ActiveCfg = Release|Any CPU
		{CA7736B6-D6EB-42D1-89EB-5F6AA4ECE58E}.Release|Any CPU.Build.0 = Release|Any CPU
		{CA7736B6-D6EB-42D1-89EB-5F6AA4ECE58E}.Release|Any CPU.Deploy.0 = Release|Any CPU
		{CA7736B6-D6EB-42D1-89EB-5F6AA4ECE58E}.Release|ARM.ActiveCfg = Release|ARM
		{CA7736B6-D6EB-42D1-89EB-5F6AA4ECE58E}.Release|ARM.Build.0 = Release|ARM
		{CA7736B6-D6EB-42D1-89EB-5F6AA4ECE58E}.Release|ARM.Deploy.0 = Release|ARM
		{CA7736B6-D6EB-42D1-89EB-5F6AA4ECE58E}.Release|iPhone.ActiveCfg = Release|Any CPU
		{CA7736B6-D6EB-42D1-89EB-5F6AA4ECE58E}.Release|iPhone.Build.0 = Release|Any CPU
		{CA7736B6-D6EB-42D1-89EB-5F6AA4ECE58E}.Release|iPhone.Deploy.0 = Release|Any CPU
		{CA7736B6-D6EB-42D1-89EB-5F6AA4ECE58E}.Release|iPhoneSimulator.ActiveCfg = Release|Any CPU
		{CA7736B6-D6EB-42D1-89EB-5F6AA4ECE58E}.Release|iPhoneSimulator.Build.0 = Release|Any CPU
		{CA7736B6-D6EB-42D1-89EB-5F6AA4ECE58E}.Release|iPhoneSimulator.Deploy.0 = Release|Any CPU
		{CA7736B6-D6EB-42D1-89EB-5F6AA4ECE58E}.Release|x64.ActiveCfg = Release|Any CPU
		{CA7736B6-D6EB-42D1-89EB-5F6AA4ECE58E}.Release|x64.Build.0 = Release|Any CPU
		{CA7736B6-D6EB-42D1-89EB-5F6AA4ECE58E}.Release|x64.Deploy.0 = Release|Any CPU
		{CA7736B6-D6EB-42D1-89EB-5F6AA4ECE58E}.Release|x86.ActiveCfg = Release|x86
		{CA7736B6-D6EB-42D1-89EB-5F6AA4ECE58E}.Release|x86.Build.0 = Release|x86
		{CA7736B6-D6EB-42D1-89EB-5F6AA4ECE58E}.Release|x86.Deploy.0 = Release|x86
		{27CCD729-DF57-4F7C-86BD-61054695B39C}.Ad-Hoc|Any CPU.ActiveCfg = Release|Any CPU
		{27CCD729-DF57-4F7C-86BD-61054695B39C}.Ad-Hoc|Any CPU.Build.0 = Release|Any CPU
		{27CCD729-DF57-4F7C-86BD-61054695B39C}.Ad-Hoc|Any CPU.Deploy.0 = Release|Any CPU
		{27CCD729-DF57-4F7C-86BD-61054695B39C}.Ad-Hoc|ARM.ActiveCfg = Release|ARM
		{27CCD729-DF57-4F7C-86BD-61054695B39C}.Ad-Hoc|ARM.Build.0 = Release|ARM
		{27CCD729-DF57-4F7C-86BD-61054695B39C}.Ad-Hoc|ARM.Deploy.0 = Release|ARM
		{27CCD729-DF57-4F7C-86BD-61054695B39C}.Ad-Hoc|iPhone.ActiveCfg = Release|Any CPU
		{27CCD729-DF57-4F7C-86BD-61054695B39C}.Ad-Hoc|iPhone.Build.0 = Release|Any CPU
		{27CCD729-DF57-4F7C-86BD-61054695B39C}.Ad-Hoc|iPhone.Deploy.0 = Release|Any CPU
		{27CCD729-DF57-4F7C-86BD-61054695B39C}.Ad-Hoc|iPhoneSimulator.ActiveCfg = Release|Any CPU
		{27CCD729-DF57-4F7C-86BD-61054695B39C}.Ad-Hoc|iPhoneSimulator.Build.0 = Release|Any CPU
		{27CCD729-DF57-4F7C-86BD-61054695B39C}.Ad-Hoc|iPhoneSimulator.Deploy.0 = Release|Any CPU
		{27CCD729-DF57-4F7C-86BD-61054695B39C}.Ad-Hoc|x64.ActiveCfg = Release|x64
		{27CCD729-DF57-4F7C-86BD-61054695B39C}.Ad-Hoc|x64.Build.0 = Release|x64
		{27CCD729-DF57-4F7C-86BD-61054695B39C}.Ad-Hoc|x64.Deploy.0 = Release|x64
		{27CCD729-DF57-4F7C-86BD-61054695B39C}.Ad-Hoc|x86.ActiveCfg = Release|x86
		{27CCD729-DF57-4F7C-86BD-61054695B39C}.Ad-Hoc|x86.Build.0 = Release|x86
		{27CCD729-DF57-4F7C-86BD-61054695B39C}.Ad-Hoc|x86.Deploy.0 = Release|x86
		{27CCD729-DF57-4F7C-86BD-61054695B39C}.AppStore|Any CPU.ActiveCfg = Release|Any CPU
		{27CCD729-DF57-4F7C-86BD-61054695B39C}.AppStore|Any CPU.Build.0 = Release|Any CPU
		{27CCD729-DF57-4F7C-86BD-61054695B39C}.AppStore|Any CPU.Deploy.0 = Release|Any CPU
		{27CCD729-DF57-4F7C-86BD-61054695B39C}.AppStore|ARM.ActiveCfg = Release|ARM
		{27CCD729-DF57-4F7C-86BD-61054695B39C}.AppStore|ARM.Build.0 = Release|ARM
		{27CCD729-DF57-4F7C-86BD-61054695B39C}.AppStore|ARM.Deploy.0 = Release|ARM
		{27CCD729-DF57-4F7C-86BD-61054695B39C}.AppStore|iPhone.ActiveCfg = Release|Any CPU
		{27CCD729-DF57-4F7C-86BD-61054695B39C}.AppStore|iPhone.Build.0 = Release|Any CPU
		{27CCD729-DF57-4F7C-86BD-61054695B39C}.AppStore|iPhone.Deploy.0 = Release|Any CPU
		{27CCD729-DF57-4F7C-86BD-61054695B39C}.AppStore|iPhoneSimulator.ActiveCfg = Release|Any CPU
		{27CCD729-DF57-4F7C-86BD-61054695B39C}.AppStore|iPhoneSimulator.Build.0 = Release|Any CPU
		{27CCD729-DF57-4F7C-86BD-61054695B39C}.AppStore|iPhoneSimulator.Deploy.0 = Release|Any CPU
		{27CCD729-DF57-4F7C-86BD-61054695B39C}.AppStore|x64.ActiveCfg = Release|x64
		{27CCD729-DF57-4F7C-86BD-61054695B39C}.AppStore|x64.Build.0 = Release|x64
		{27CCD729-DF57-4F7C-86BD-61054695B39C}.AppStore|x64.Deploy.0 = Release|x64
		{27CCD729-DF57-4F7C-86BD-61054695B39C}.AppStore|x86.ActiveCfg = Release|x86
		{27CCD729-DF57-4F7C-86BD-61054695B39C}.AppStore|x86.Build.0 = Release|x86
		{27CCD729-DF57-4F7C-86BD-61054695B39C}.AppStore|x86.Deploy.0 = Release|x86
		{27CCD729-DF57-4F7C-86BD-61054695B39C}.Debug|Any CPU.ActiveCfg = Debug|Any CPU
		{27CCD729-DF57-4F7C-86BD-61054695B39C}.Debug|Any CPU.Build.0 = Debug|Any CPU
		{27CCD729-DF57-4F7C-86BD-61054695B39C}.Debug|Any CPU.Deploy.0 = Debug|Any CPU
		{27CCD729-DF57-4F7C-86BD-61054695B39C}.Debug|ARM.ActiveCfg = Debug|ARM
		{27CCD729-DF57-4F7C-86BD-61054695B39C}.Debug|ARM.Build.0 = Debug|ARM
		{27CCD729-DF57-4F7C-86BD-61054695B39C}.Debug|ARM.Deploy.0 = Debug|ARM
		{27CCD729-DF57-4F7C-86BD-61054695B39C}.Debug|iPhone.ActiveCfg = Debug|Any CPU
		{27CCD729-DF57-4F7C-86BD-61054695B39C}.Debug|iPhone.Build.0 = Debug|Any CPU
		{27CCD729-DF57-4F7C-86BD-61054695B39C}.Debug|iPhone.Deploy.0 = Debug|Any CPU
		{27CCD729-DF57-4F7C-86BD-61054695B39C}.Debug|iPhoneSimulator.ActiveCfg = Debug|Any CPU
		{27CCD729-DF57-4F7C-86BD-61054695B39C}.Debug|iPhoneSimulator.Build.0 = Debug|Any CPU
		{27CCD729-DF57-4F7C-86BD-61054695B39C}.Debug|iPhoneSimulator.Deploy.0 = Debug|Any CPU
		{27CCD729-DF57-4F7C-86BD-61054695B39C}.Debug|x64.ActiveCfg = Debug|x64
		{27CCD729-DF57-4F7C-86BD-61054695B39C}.Debug|x64.Build.0 = Debug|x64
		{27CCD729-DF57-4F7C-86BD-61054695B39C}.Debug|x64.Deploy.0 = Debug|x64
		{27CCD729-DF57-4F7C-86BD-61054695B39C}.Debug|x86.ActiveCfg = Debug|x86
		{27CCD729-DF57-4F7C-86BD-61054695B39C}.Debug|x86.Build.0 = Debug|x86
		{27CCD729-DF57-4F7C-86BD-61054695B39C}.Debug|x86.Deploy.0 = Debug|x86
		{27CCD729-DF57-4F7C-86BD-61054695B39C}.Release|Any CPU.ActiveCfg = Release|Any CPU
		{27CCD729-DF57-4F7C-86BD-61054695B39C}.Release|Any CPU.Build.0 = Release|Any CPU
		{27CCD729-DF57-4F7C-86BD-61054695B39C}.Release|Any CPU.Deploy.0 = Release|Any CPU
		{27CCD729-DF57-4F7C-86BD-61054695B39C}.Release|ARM.ActiveCfg = Release|ARM
		{27CCD729-DF57-4F7C-86BD-61054695B39C}.Release|ARM.Build.0 = Release|ARM
		{27CCD729-DF57-4F7C-86BD-61054695B39C}.Release|ARM.Deploy.0 = Release|ARM
		{27CCD729-DF57-4F7C-86BD-61054695B39C}.Release|iPhone.ActiveCfg = Release|Any CPU
		{27CCD729-DF57-4F7C-86BD-61054695B39C}.Release|iPhone.Build.0 = Release|Any CPU
		{27CCD729-DF57-4F7C-86BD-61054695B39C}.Release|iPhone.Deploy.0 = Release|Any CPU
		{27CCD729-DF57-4F7C-86BD-61054695B39C}.Release|iPhoneSimulator.ActiveCfg = Release|Any CPU
		{27CCD729-DF57-4F7C-86BD-61054695B39C}.Release|iPhoneSimulator.Build.0 = Release|Any CPU
		{27CCD729-DF57-4F7C-86BD-61054695B39C}.Release|iPhoneSimulator.Deploy.0 = Release|Any CPU
		{27CCD729-DF57-4F7C-86BD-61054695B39C}.Release|x64.ActiveCfg = Release|x64
		{27CCD729-DF57-4F7C-86BD-61054695B39C}.Release|x64.Build.0 = Release|x64
		{27CCD729-DF57-4F7C-86BD-61054695B39C}.Release|x64.Deploy.0 = Release|x64
		{27CCD729-DF57-4F7C-86BD-61054695B39C}.Release|x86.ActiveCfg = Release|x86
		{27CCD729-DF57-4F7C-86BD-61054695B39C}.Release|x86.Build.0 = Release|x86
		{27CCD729-DF57-4F7C-86BD-61054695B39C}.Release|x86.Deploy.0 = Release|x86
	EndGlobalSection
	GlobalSection(SolutionProperties) = preSolution
		HideSolutionNode = FALSE
	EndGlobalSection
EndGlobal
